// !$*UTF8*$!
{
	archiveVersion = 1;
	classes = {
	};
	objectVersion = 51;
	objects = {

/* Begin PBXBuildFile section */
		0F6100D4F98FD224636DBB5B /* Pods_MobileInternship.framework in Frameworks */ = {isa = PBXBuildFile; fileRef = 65D33474620BCA4B4CF8178D /* Pods_MobileInternship.framework */; };
		842EC8042612FCD900CE2630 /* DetaiIViewController.swift in Sources */ = {isa = PBXBuildFile; fileRef = 842EC8032612FCD900CE2630 /* DetaiIViewController.swift */; };
		84BDE93B260F0AC1001D02DA /* AppDelegate.swift in Sources */ = {isa = PBXBuildFile; fileRef = 84BDE93A260F0AC1001D02DA /* AppDelegate.swift */; };
		84BDE93D260F0AC1001D02DA /* SceneDelegate.swift in Sources */ = {isa = PBXBuildFile; fileRef = 84BDE93C260F0AC1001D02DA /* SceneDelegate.swift */; };
		84BDE93F260F0AC1001D02DA /* ViewController.swift in Sources */ = {isa = PBXBuildFile; fileRef = 84BDE93E260F0AC1001D02DA /* ViewController.swift */; };
		84BDE942260F0AC1001D02DA /* Main.storyboard in Resources */ = {isa = PBXBuildFile; fileRef = 84BDE940260F0AC1001D02DA /* Main.storyboard */; };
		84BDE944260F0AC5001D02DA /* Assets.xcassets in Resources */ = {isa = PBXBuildFile; fileRef = 84BDE943260F0AC5001D02DA /* Assets.xcassets */; };
		84BDE947260F0AC5001D02DA /* LaunchScreen.storyboard in Resources */ = {isa = PBXBuildFile; fileRef = 84BDE945260F0AC5001D02DA /* LaunchScreen.storyboard */; };
		84BDE95B260F2247001D02DA /* ItemCell.swift in Sources */ = {isa = PBXBuildFile; fileRef = 84BDE959260F2247001D02DA /* ItemCell.swift */; };
		84BDE95C260F2247001D02DA /* ItemCell.xib in Resources */ = {isa = PBXBuildFile; fileRef = 84BDE95A260F2247001D02DA /* ItemCell.xib */; };
		84BDE962260F5833001D02DA /* ItemData.swift in Sources */ = {isa = PBXBuildFile; fileRef = 84BDE961260F5832001D02DA /* ItemData.swift */; };
		84BDE988260FC7D4001D02DA /* data.json in Resources */ = {isa = PBXBuildFile; fileRef = 84BDE987260FC7D4001D02DA /* data.json */; };
		84BDE98C260FCBC8001D02DA /* NetworkManager.swift in Sources */ = {isa = PBXBuildFile; fileRef = 84BDE98B260FCBC8001D02DA /* NetworkManager.swift */; };
		84BDE98F2610604F001D02DA /* ItemModel.swift in Sources */ = {isa = PBXBuildFile; fileRef = 84BDE98E2610604F001D02DA /* ItemModel.swift */; };
/* End PBXBuildFile section */

/* Begin PBXFileReference section */
		487FFB0F98DAF02F796D438A /* Pods-MobileInternship.release.xcconfig */ = {isa = PBXFileReference; includeInIndex = 1; lastKnownFileType = text.xcconfig; name = "Pods-MobileInternship.release.xcconfig"; path = "Target Support Files/Pods-MobileInternship/Pods-MobileInternship.release.xcconfig"; sourceTree = "<group>"; };
		65D33474620BCA4B4CF8178D /* Pods_MobileInternship.framework */ = {isa = PBXFileReference; explicitFileType = wrapper.framework; includeInIndex = 0; path = Pods_MobileInternship.framework; sourceTree = BUILT_PRODUCTS_DIR; };
		842EC8032612FCD900CE2630 /* DetaiIViewController.swift */ = {isa = PBXFileReference; lastKnownFileType = sourcecode.swift; path = DetaiIViewController.swift; sourceTree = "<group>"; };
		84BDE937260F0AC1001D02DA /* MobileInternship.app */ = {isa = PBXFileReference; explicitFileType = wrapper.application; includeInIndex = 0; path = MobileInternship.app; sourceTree = BUILT_PRODUCTS_DIR; };
		84BDE93A260F0AC1001D02DA /* AppDelegate.swift */ = {isa = PBXFileReference; lastKnownFileType = sourcecode.swift; path = AppDelegate.swift; sourceTree = "<group>"; };
		84BDE93C260F0AC1001D02DA /* SceneDelegate.swift */ = {isa = PBXFileReference; lastKnownFileType = sourcecode.swift; path = SceneDelegate.swift; sourceTree = "<group>"; };
		84BDE93E260F0AC1001D02DA /* ViewController.swift */ = {isa = PBXFileReference; lastKnownFileType = sourcecode.swift; path = ViewController.swift; sourceTree = "<group>"; };
		84BDE941260F0AC1001D02DA /* Base */ = {isa = PBXFileReference; lastKnownFileType = file.storyboard; name = Base; path = Base.lproj/Main.storyboard; sourceTree = "<group>"; };
		84BDE943260F0AC5001D02DA /* Assets.xcassets */ = {isa = PBXFileReference; lastKnownFileType = folder.assetcatalog; path = Assets.xcassets; sourceTree = "<group>"; };
		84BDE946260F0AC5001D02DA /* Base */ = {isa = PBXFileReference; lastKnownFileType = file.storyboard; name = Base; path = Base.lproj/LaunchScreen.storyboard; sourceTree = "<group>"; };
		84BDE948260F0AC5001D02DA /* Info.plist */ = {isa = PBXFileReference; lastKnownFileType = text.plist.xml; path = Info.plist; sourceTree = "<group>"; };
		84BDE959260F2247001D02DA /* ItemCell.swift */ = {isa = PBXFileReference; lastKnownFileType = sourcecode.swift; path = ItemCell.swift; sourceTree = "<group>"; };
		84BDE95A260F2247001D02DA /* ItemCell.xib */ = {isa = PBXFileReference; lastKnownFileType = file.xib; path = ItemCell.xib; sourceTree = "<group>"; };
		84BDE961260F5832001D02DA /* ItemData.swift */ = {isa = PBXFileReference; lastKnownFileType = sourcecode.swift; path = ItemData.swift; sourceTree = "<group>"; };
		84BDE987260FC7D4001D02DA /* data.json */ = {isa = PBXFileReference; lastKnownFileType = text.json; path = data.json; sourceTree = "<group>"; };
		84BDE98B260FCBC8001D02DA /* NetworkManager.swift */ = {isa = PBXFileReference; lastKnownFileType = sourcecode.swift; path = NetworkManager.swift; sourceTree = "<group>"; };
		84BDE98E2610604F001D02DA /* ItemModel.swift */ = {isa = PBXFileReference; lastKnownFileType = sourcecode.swift; path = ItemModel.swift; sourceTree = "<group>"; };
		E8A1FF3426CCB5BF7AB55A52 /* Pods-MobileInternship.debug.xcconfig */ = {isa = PBXFileReference; includeInIndex = 1; lastKnownFileType = text.xcconfig; name = "Pods-MobileInternship.debug.xcconfig"; path = "Target Support Files/Pods-MobileInternship/Pods-MobileInternship.debug.xcconfig"; sourceTree = "<group>"; };
/* End PBXFileReference section */

/* Begin PBXFrameworksBuildPhase section */
		84BDE934260F0AC1001D02DA /* Frameworks */ = {
			isa = PBXFrameworksBuildPhase;
			buildActionMask = 2147483647;
			files = (
				0F6100D4F98FD224636DBB5B /* Pods_MobileInternship.framework in Frameworks */,
			);
			runOnlyForDeploymentPostprocessing = 0;
		};
/* End PBXFrameworksBuildPhase section */

/* Begin PBXGroup section */
		11940C0FDF54BE15E2B805E3 /* Pods */ = {
			isa = PBXGroup;
			children = (
				E8A1FF3426CCB5BF7AB55A52 /* Pods-MobileInternship.debug.xcconfig */,
				487FFB0F98DAF02F796D438A /* Pods-MobileInternship.release.xcconfig */,
			);
			path = Pods;
			sourceTree = "<group>";
		};
		84BDE92E260F0AC1001D02DA = {
			isa = PBXGroup;
			children = (
				84BDE939260F0AC1001D02DA /* MobileInternship */,
				84BDE938260F0AC1001D02DA /* Products */,
				11940C0FDF54BE15E2B805E3 /* Pods */,
				8D33E0C66EA72B5C50643836 /* Frameworks */,
			);
			sourceTree = "<group>";
		};
		84BDE938260F0AC1001D02DA /* Products */ = {
			isa = PBXGroup;
			children = (
				84BDE937260F0AC1001D02DA /* MobileInternship.app */,
			);
			name = Products;
			sourceTree = "<group>";
		};
		84BDE939260F0AC1001D02DA /* MobileInternship */ = {
			isa = PBXGroup;
			children = (
				84BDE93A260F0AC1001D02DA /* AppDelegate.swift */,
				84BDE93C260F0AC1001D02DA /* SceneDelegate.swift */,
				84BDE960260F5812001D02DA /* Models */,
				84BDE957260F21D1001D02DA /* Views */,
				84BDE955260F21B4001D02DA /* Controllers */,
				84BDE958260F21EA001D02DA /* Supporting Files */,
				84BDE948260F0AC5001D02DA /* Info.plist */,
			);
			path = MobileInternship;
			sourceTree = "<group>";
		};
		84BDE955260F21B4001D02DA /* Controllers */ = {
			isa = PBXGroup;
			children = (
				84BDE93E260F0AC1001D02DA /* ViewController.swift */,
				842EC8032612FCD900CE2630 /* DetaiIViewController.swift */,
			);
			path = Controllers;
			sourceTree = "<group>";
		};
		84BDE957260F21D1001D02DA /* Views */ = {
			isa = PBXGroup;
			children = (
				84BDE940260F0AC1001D02DA /* Main.storyboard */,
				84BDE959260F2247001D02DA /* ItemCell.swift */,
				84BDE95A260F2247001D02DA /* ItemCell.xib */,
			);
			path = Views;
			sourceTree = "<group>";
		};
		84BDE958260F21EA001D02DA /* Supporting Files */ = {
			isa = PBXGroup;
			children = (
				84BDE943260F0AC5001D02DA /* Assets.xcassets */,
				84BDE945260F0AC5001D02DA /* LaunchScreen.storyboard */,
				84BDE987260FC7D4001D02DA /* data.json */,
			);
			path = "Supporting Files";
			sourceTree = "<group>";
		};
		84BDE960260F5812001D02DA /* Models */ = {
			isa = PBXGroup;
			children = (
				84BDE961260F5832001D02DA /* ItemData.swift */,
				84BDE98E2610604F001D02DA /* ItemModel.swift */,
				84BDE98B260FCBC8001D02DA /* NetworkManager.swift */,
			);
			path = Models;
			sourceTree = "<group>";
		};
		8D33E0C66EA72B5C50643836 /* Frameworks */ = {
			isa = PBXGroup;
			children = (
				65D33474620BCA4B4CF8178D /* Pods_MobileInternship.framework */,
			);
			name = Frameworks;
			sourceTree = "<group>";
		};
/* End PBXGroup section */

/* Begin PBXNativeTarget section */
		84BDE936260F0AC1001D02DA /* MobileInternship */ = {
			isa = PBXNativeTarget;
			buildConfigurationList = 84BDE94B260F0AC5001D02DA /* Build configuration list for PBXNativeTarget "MobileInternship" */;
			buildPhases = (
				FE04E3769E9420306F829592 /* [CP] Check Pods Manifest.lock */,
				84BDE933260F0AC1001D02DA /* Sources */,
				84BDE934260F0AC1001D02DA /* Frameworks */,
				84BDE935260F0AC1001D02DA /* Resources */,
				BA8B1EF4247A52DA79BEDC83 /* [CP] Embed Pods Frameworks */,
			);
			buildRules = (
			);
			dependencies = (
			);
			name = MobileInternship;
			productName = MobileInternship;
			productReference = 84BDE937260F0AC1001D02DA /* MobileInternship.app */;
			productType = "com.apple.product-type.application";
		};
/* End PBXNativeTarget section */

/* Begin PBXProject section */
		84BDE92F260F0AC1001D02DA /* Project object */ = {
			isa = PBXProject;
			attributes = {
				LastSwiftUpdateCheck = 1240;
				LastUpgradeCheck = 1240;
				TargetAttributes = {
					84BDE936260F0AC1001D02DA = {
						CreatedOnToolsVersion = 12.4;
					};
				};
			};
			buildConfigurationList = 84BDE932260F0AC1001D02DA /* Build configuration list for PBXProject "MobileInternship" */;
			compatibilityVersion = "Xcode 9.3";
			developmentRegion = en;
			hasScannedForEncodings = 0;
			knownRegions = (
				en,
				Base,
			);
			mainGroup = 84BDE92E260F0AC1001D02DA;
			productRefGroup = 84BDE938260F0AC1001D02DA /* Products */;
			projectDirPath = "";
			projectRoot = "";
			targets = (
				84BDE936260F0AC1001D02DA /* MobileInternship */,
			);
		};
/* End PBXProject section */

/* Begin PBXResourcesBuildPhase section */
		84BDE935260F0AC1001D02DA /* Resources */ = {
			isa = PBXResourcesBuildPhase;
			buildActionMask = 2147483647;
			files = (
				84BDE95C260F2247001D02DA /* ItemCell.xib in Resources */,
				84BDE947260F0AC5001D02DA /* LaunchScreen.storyboard in Resources */,
				84BDE944260F0AC5001D02DA /* Assets.xcassets in Resources */,
				84BDE988260FC7D4001D02DA /* data.json in Resources */,
				84BDE942260F0AC1001D02DA /* Main.storyboard in Resources */,
			);
			runOnlyForDeploymentPostprocessing = 0;
		};
/* End PBXResourcesBuildPhase section */

/* Begin PBXShellScriptBuildPhase section */
		BA8B1EF4247A52DA79BEDC83 /* [CP] Embed Pods Frameworks */ = {
			isa = PBXShellScriptBuildPhase;
			buildActionMask = 2147483647;
			files = (
			);
			inputFileListPaths = (
				"${PODS_ROOT}/Target Support Files/Pods-MobileInternship/Pods-MobileInternship-frameworks-${CONFIGURATION}-input-files.xcfilelist",
			);
			name = "[CP] Embed Pods Frameworks";
			outputFileListPaths = (
				"${PODS_ROOT}/Target Support Files/Pods-MobileInternship/Pods-MobileInternship-frameworks-${CONFIGURATION}-output-files.xcfilelist",
			);
			runOnlyForDeploymentPostprocessing = 0;
			shellPath = /bin/sh;
			shellScript = "\"${PODS_ROOT}/Target Support Files/Pods-MobileInternship/Pods-MobileInternship-frameworks.sh\"\n";
			showEnvVarsInLog = 0;
		};
		FE04E3769E9420306F829592 /* [CP] Check Pods Manifest.lock */ = {
			isa = PBXShellScriptBuildPhase;
			buildActionMask = 2147483647;
			files = (
			);
			inputFileListPaths = (
			);
			inputPaths = (
				"${PODS_PODFILE_DIR_PATH}/Podfile.lock",
				"${PODS_ROOT}/Manifest.lock",
			);
			name = "[CP] Check Pods Manifest.lock";
			outputFileListPaths = (
			);
			outputPaths = (
				"$(DERIVED_FILE_DIR)/Pods-MobileInternship-checkManifestLockResult.txt",
			);
			runOnlyForDeploymentPostprocessing = 0;
			shellPath = /bin/sh;
			shellScript = "diff \"${PODS_PODFILE_DIR_PATH}/Podfile.lock\" \"${PODS_ROOT}/Manifest.lock\" > /dev/null\nif [ $? != 0 ] ; then\n    # print error to STDERR\n    echo \"error: The sandbox is not in sync with the Podfile.lock. Run 'pod install' or update your CocoaPods installation.\" >&2\n    exit 1\nfi\n# This output is used by Xcode 'outputs' to avoid re-running this script phase.\necho \"SUCCESS\" > \"${SCRIPT_OUTPUT_FILE_0}\"\n";
			showEnvVarsInLog = 0;
		};
/* End PBXShellScriptBuildPhase section */

/* Begin PBXSourcesBuildPhase section */
		84BDE933260F0AC1001D02DA /* Sources */ = {
			isa = PBXSourcesBuildPhase;
			buildActionMask = 2147483647;
			files = (
				84BDE98C260FCBC8001D02DA /* NetworkManager.swift in Sources */,
				84BDE95B260F2247001D02DA /* ItemCell.swift in Sources */,
				84BDE962260F5833001D02DA /* ItemData.swift in Sources */,
				84BDE93F260F0AC1001D02DA /* ViewController.swift in Sources */,
				842EC8042612FCD900CE2630 /* DetaiIViewController.swift in Sources */,
				84BDE93B260F0AC1001D02DA /* AppDelegate.swift in Sources */,
				84BDE98F2610604F001D02DA /* ItemModel.swift in Sources */,
				84BDE93D260F0AC1001D02DA /* SceneDelegate.swift in Sources */,
			);
			runOnlyForDeploymentPostprocessing = 0;
		};
/* End PBXSourcesBuildPhase section */

/* Begin PBXVariantGroup section */
		84BDE940260F0AC1001D02DA /* Main.storyboard */ = {
			isa = PBXVariantGroup;
			children = (
				84BDE941260F0AC1001D02DA /* Base */,
			);
			name = Main.storyboard;
			sourceTree = "<group>";
		};
		84BDE945260F0AC5001D02DA /* LaunchScreen.storyboard */ = {
			isa = PBXVariantGroup;
			children = (
				84BDE946260F0AC5001D02DA /* Base */,
			);
			name = LaunchScreen.storyboard;
			sourceTree = "<group>";
		};
/* End PBXVariantGroup section */

/* Begin XCBuildConfiguration section */
		84BDE949260F0AC5001D02DA /* Debug */ = {
			isa = XCBuildConfiguration;
			buildSettings = {
				ALWAYS_SEARCH_USER_PATHS = NO;
				CLANG_ANALYZER_NONNULL = YES;
				CLANG_ANALYZER_NUMBER_OBJECT_CONVERSION = YES_AGGRESSIVE;
				CLANG_CXX_LANGUAGE_STANDARD = "gnu++14";
				CLANG_CXX_LIBRARY = "libc++";
				CLANG_ENABLE_MODULES = YES;
				CLANG_ENABLE_OBJC_ARC = YES;
				CLANG_ENABLE_OBJC_WEAK = YES;
				CLANG_WARN_BLOCK_CAPTURE_AUTORELEASING = YES;
				CLANG_WARN_BOOL_CONVERSION = YES;
				CLANG_WARN_COMMA = YES;
				CLANG_WARN_CONSTANT_CONVERSION = YES;
				CLANG_WARN_DEPRECATED_OBJC_IMPLEMENTATIONS = YES;
				CLANG_WARN_DIRECT_OBJC_ISA_USAGE = YES_ERROR;
				CLANG_WARN_DOCUMENTATION_COMMENTS = YES;
				CLANG_WARN_EMPTY_BODY = YES;
				CLANG_WARN_ENUM_CONVERSION = YES;
				CLANG_WARN_INFINITE_RECURSION = YES;
				CLANG_WARN_INT_CONVERSION = YES;
				CLANG_WARN_NON_LITERAL_NULL_CONVERSION = YES;
				CLANG_WARN_OBJC_IMPLICIT_RETAIN_SELF = YES;
				CLANG_WARN_OBJC_LITERAL_CONVERSION = YES;
				CLANG_WARN_OBJC_ROOT_CLASS = YES_ERROR;
				CLANG_WARN_QUOTED_INCLUDE_IN_FRAMEWORK_HEADER = YES;
				CLANG_WARN_RANGE_LOOP_ANALYSIS = YES;
				CLANG_WARN_STRICT_PROTOTYPES = YES;
				CLANG_WARN_SUSPICIOUS_MOVE = YES;
				CLANG_WARN_UNGUARDED_AVAILABILITY = YES_AGGRESSIVE;
				CLANG_WARN_UNREACHABLE_CODE = YES;
				CLANG_WARN__DUPLICATE_METHOD_MATCH = YES;
				COPY_PHASE_STRIP = NO;
				DEBUG_INFORMATION_FORMAT = dwarf;
				ENABLE_STRICT_OBJC_MSGSEND = YES;
				ENABLE_TESTABILITY = YES;
				GCC_C_LANGUAGE_STANDARD = gnu11;
				GCC_DYNAMIC_NO_PIC = NO;
				GCC_NO_COMMON_BLOCKS = YES;
				GCC_OPTIMIZATION_LEVEL = 0;
				GCC_PREPROCESSOR_DEFINITIONS = (
					"DEBUG=1",
					"$(inherited)",
				);
				GCC_WARN_64_TO_32_BIT_CONVERSION = YES;
				GCC_WARN_ABOUT_RETURN_TYPE = YES_ERROR;
				GCC_WARN_UNDECLARED_SELECTOR = YES;
				GCC_WARN_UNINITIALIZED_AUTOS = YES_AGGRESSIVE;
				GCC_WARN_UNUSED_FUNCTION = YES;
				GCC_WARN_UNUSED_VARIABLE = YES;
				IPHONEOS_DEPLOYMENT_TARGET = 13.0;
				MTL_ENABLE_DEBUG_INFO = INCLUDE_SOURCE;
				MTL_FAST_MATH = YES;
				ONLY_ACTIVE_ARCH = YES;
				SDKROOT = iphoneos;
				SWIFT_ACTIVE_COMPILATION_CONDITIONS = DEBUG;
				SWIFT_OPTIMIZATION_LEVEL = "-Onone";
			};
			name = Debug;
		};
		84BDE94A260F0AC5001D02DA /* Release */ = {
			isa = XCBuildConfiguration;
			buildSettings = {
				ALWAYS_SEARCH_USER_PATHS = NO;
				CLANG_ANALYZER_NONNULL = YES;
				CLANG_ANALYZER_NUMBER_OBJECT_CONVERSION = YES_AGGRESSIVE;
				CLANG_CXX_LANGUAGE_STANDARD = "gnu++14";
				CLANG_CXX_LIBRARY = "libc++";
				CLANG_ENABLE_MODULES = YES;
				CLANG_ENABLE_OBJC_ARC = YES;
				CLANG_ENABLE_OBJC_WEAK = YES;
				CLANG_WARN_BLOCK_CAPTURE_AUTORELEASING = YES;
				CLANG_WARN_BOOL_CONVERSION = YES;
				CLANG_WARN_COMMA = YES;
				CLANG_WARN_CONSTANT_CONVERSION = YES;
				CLANG_WARN_DEPRECATED_OBJC_IMPLEMENTATIONS = YES;
				CLANG_WARN_DIRECT_OBJC_ISA_USAGE = YES_ERROR;
				CLANG_WARN_DOCUMENTATION_COMMENTS = YES;
				CLANG_WARN_EMPTY_BODY = YES;
				CLANG_WARN_ENUM_CONVERSION = YES;
				CLANG_WARN_INFINITE_RECURSION = YES;
				CLANG_WARN_INT_CONVERSION = YES;
				CLANG_WARN_NON_LITERAL_NULL_CONVERSION = YES;
				CLANG_WARN_OBJC_IMPLICIT_RETAIN_SELF = YES;
				CLANG_WARN_OBJC_LITERAL_CONVERSION = YES;
				CLANG_WARN_OBJC_ROOT_CLASS = YES_ERROR;
				CLANG_WARN_QUOTED_INCLUDE_IN_FRAMEWORK_HEADER = YES;
				CLANG_WARN_RANGE_LOOP_ANALYSIS = YES;
				CLANG_WARN_STRICT_PROTOTYPES = YES;
				CLANG_WARN_SUSPICIOUS_MOVE = YES;
				CLANG_WARN_UNGUARDED_AVAILABILITY = YES_AGGRESSIVE;
				CLANG_WARN_UNREACHABLE_CODE = YES;
				CLANG_WARN__DUPLICATE_METHOD_MATCH = YES;
				COPY_PHASE_STRIP = NO;
				DEBUG_INFORMATION_FORMAT = "dwarf-with-dsym";
				ENABLE_NS_ASSERTIONS = NO;
				ENABLE_STRICT_OBJC_MSGSEND = YES;
				GCC_C_LANGUAGE_STANDARD = gnu11;
				GCC_NO_COMMON_BLOCKS = YES;
				GCC_WARN_64_TO_32_BIT_CONVERSION = YES;
				GCC_WARN_ABOUT_RETURN_TYPE = YES_ERROR;
				GCC_WARN_UNDECLARED_SELECTOR = YES;
				GCC_WARN_UNINITIALIZED_AUTOS = YES_AGGRESSIVE;
				GCC_WARN_UNUSED_FUNCTION = YES;
				GCC_WARN_UNUSED_VARIABLE = YES;
				IPHONEOS_DEPLOYMENT_TARGET = 13.0;
				MTL_ENABLE_DEBUG_INFO = NO;
				MTL_FAST_MATH = YES;
				SDKROOT = iphoneos;
				SWIFT_COMPILATION_MODE = wholemodule;
				SWIFT_OPTIMIZATION_LEVEL = "-O";
				VALIDATE_PRODUCT = YES;
			};
			name = Release;
		};
		84BDE94C260F0AC5001D02DA /* Debug */ = {
			isa = XCBuildConfiguration;
			baseConfigurationReference = E8A1FF3426CCB5BF7AB55A52 /* Pods-MobileInternship.debug.xcconfig */;
			buildSettings = {
				ASSETCATALOG_COMPILER_APPICON_NAME = AppIcon;
				ASSETCATALOG_COMPILER_GLOBAL_ACCENT_COLOR_NAME = AccentColor;
				CODE_SIGN_STYLE = Automatic;
				DEVELOPMENT_TEAM = 57C5S947M8;
				INFOPLIST_FILE = MobileInternship/Info.plist;
				IPHONEOS_DEPLOYMENT_TARGET = 13.0;
				LD_RUNPATH_SEARCH_PATHS = (
					"$(inherited)",
					"@executable_path/Frameworks",
				);
				PRODUCT_BUNDLE_IDENTIFIER = com.serj.MobileInternship;
				PRODUCT_NAME = "$(TARGET_NAME)";
				SWIFT_VERSION = 5.0;
				TARGETED_DEVICE_FAMILY = 1;
			};
			name = Debug;
		};
		84BDE94D260F0AC5001D02DA /* Release */ = {
			isa = XCBuildConfiguration;
			baseConfigurationReference = 487FFB0F98DAF02F796D438A /* Pods-MobileInternship.release.xcconfig */;
			buildSettings = {
				ASSETCATALOG_COMPILER_APPICON_NAME = AppIcon;
				ASSETCATALOG_COMPILER_GLOBAL_ACCENT_COLOR_NAME = AccentColor;
				CODE_SIGN_STYLE = Automatic;
				DEVELOPMENT_TEAM = 57C5S947M8;
				INFOPLIST_FILE = MobileInternship/Info.plist;
				IPHONEOS_DEPLOYMENT_TARGET = 13.0;
				LD_RUNPATH_SEARCH_PATHS = (
					"$(inherited)",
					"@executable_path/Frameworks",
				);
				PRODUCT_BUNDLE_IDENTIFIER = com.serj.MobileInternship;
				PRODUCT_NAME = "$(TARGET_NAME)";
				SWIFT_VERSION = 5.0;
				TARGETED_DEVICE_FAMILY = 1;
			};
			name = Release;
		};
/* End XCBuildConfiguration section */

/* Begin XCConfigurationList section */
		84BDE932260F0AC1001D02DA /* Build configuration list for PBXProject "MobileInternship" */ = {
			isa = XCConfigurationList;
			buildConfigurations = (
				84BDE949260F0AC5001D02DA /* Debug */,
				84BDE94A260F0AC5001D02DA /* Release */,
			);
			defaultConfigurationIsVisible = 0;
			defaultConfigurationName = Release;
		};
		84BDE94B260F0AC5001D02DA /* Build configuration list for PBXNativeTarget "MobileInternship" */ = {
			isa = XCConfigurationList;
			buildConfigurations = (
				84BDE94C260F0AC5001D02DA /* Debug */,
				84BDE94D260F0AC5001D02DA /* Release */,
			);
			defaultConfigurationIsVisible = 0;
			defaultConfigurationName = Release;
		};
/* End XCConfigurationList section */
	};
	rootObject = 84BDE92F260F0AC1001D02DA /* Project object */;
}
